{
  "name": "fridahackdocs",
  "version": "1.0.0",
  "lockfileVersion": 3,
  "requires": true,
  "packages": {
    "": {
      "name": "fridahackdocs",
      "version": "1.0.0",
      "license": "ISC",
      "dependencies": {
        "frida-il2cpp-bridge": "^0.12.1"
      }
    },
    "node_modules/frida-il2cpp-bridge": {
      "version": "0.12.1",
      "resolved": "https://registry.npmjs.org/frida-il2cpp-bridge/-/frida-il2cpp-bridge-0.12.1.tgz",
      "integrity": "sha512-BM7u0r+qzl4Vk4vHCDVw3t+9/lXdnVt1+ndJ+iPWXWCUlLzZqXCD/J91ssAgtqHsnphQr2U9guPU91yHKKcB7w==",
      "license": "MIT",
      "bin": {
        "frida-il2cpp-bridge": "cli/main.py"
      }
    }
  }
}
